
Microsoft Visual Studio Solution File, Format Version 12.00
# Visual Studio 14
VisualStudioVersion = 14.0.25123.0
MinimumVisualStudioVersion = 10.0.40219.1
Project("{FAE04EC0-301F-11D3-BF4B-00C04F79EFBC}") = "1.Largest Common End", "1.Largest Common End\1.Largest Common End.csproj", "{FD572C7B-6739-4BE4-9195-D3455D5C2BB2}"
EndProject
Project("{FAE04EC0-301F-11D3-BF4B-00C04F79EFBC}") = "2. Rotate Array", "2. Rotate Array\2. Rotate Array.csproj", "{2BAE1F2E-50E0-4BCA-A36C-F3817516B387}"
EndProject
Project("{FAE04EC0-301F-11D3-BF4B-00C04F79EFBC}") = "3. Fold and Sum", "3. Fold and Sum\3. Fold and Sum.csproj", "{BB1BB1A6-60BA-4855-9C3A-49E6FFC94686}"
EndProject
Project("{FAE04EC0-301F-11D3-BF4B-00C04F79EFBC}") = "4. Sieve of Erathosthenes", "4. Sieve of Erathosthenes\4. Sieve of Erathosthenes.csproj", "{667C8BEC-8A84-4433-9526-638972C187EE}"
EndProject
Project("{FAE04EC0-301F-11D3-BF4B-00C04F79EFBC}") = "5. Compare Char arrays", "5. Compare Char arrays\5. Compare Char arrays.csproj", "{479A7F62-9069-4F0B-B8FC-2836F8EFA12B}"
EndProject
Project("{FAE04EC0-301F-11D3-BF4B-00C04F79EFBC}") = "7. Max Sequence of Increasing Elements", "6. Max Sequence of Increasing Elements\7. Max Sequence of Increasing Elements.csproj", "{395A277B-2D20-4146-B789-ACB29FF63F41}"
EndProject
Project("{FAE04EC0-301F-11D3-BF4B-00C04F79EFBC}") = "8. Most Frequent Number", "7. Most Frequent Number\8. Most Frequent Number.csproj", "{71037030-EFCA-4005-BBF9-F27792414708}"
EndProject
Project("{FAE04EC0-301F-11D3-BF4B-00C04F79EFBC}") = "9. Index of Letters", "9. Index of Letters\9. Index of Letters.csproj", "{5A529D5A-D5DA-46CC-B982-6E4F649C56B3}"
EndProject
Project("{FAE04EC0-301F-11D3-BF4B-00C04F79EFBC}") = "10. Pairs by Difference", "10. Pairs by Difference\10. Pairs by Difference.csproj", "{E6E9F91E-7B21-49D8-A6DF-B9C71C020EA8}"
EndProject
Project("{FAE04EC0-301F-11D3-BF4B-00C04F79EFBC}") = "11.Equal Sums", "11.Equal Sums\11.Equal Sums.csproj", "{B3E4AC93-39EC-4499-8865-646B8E9AFD43}"
EndProject
Project("{FAE04EC0-301F-11D3-BF4B-00C04F79EFBC}") = "Test", "Test\Test.csproj", "{6F9FB3EE-F828-4BB7-8F22-757A697CE51E}"
EndProject
Global
	GlobalSection(SolutionConfigurationPlatforms) = preSolution
		Debug|Any CPU = Debug|Any CPU
		Release|Any CPU = Release|Any CPU
	EndGlobalSection
	GlobalSection(ProjectConfigurationPlatforms) = postSolution
		{FD572C7B-6739-4BE4-9195-D3455D5C2BB2}.Debug|Any CPU.ActiveCfg = Debug|Any CPU
		{FD572C7B-6739-4BE4-9195-D3455D5C2BB2}.Debug|Any CPU.Build.0 = Debug|Any CPU
		{FD572C7B-6739-4BE4-9195-D3455D5C2BB2}.Release|Any CPU.ActiveCfg = Release|Any CPU
		{FD572C7B-6739-4BE4-9195-D3455D5C2BB2}.Release|Any CPU.Build.0 = Release|Any CPU
		{2BAE1F2E-50E0-4BCA-A36C-F3817516B387}.Debug|Any CPU.ActiveCfg = Debug|Any CPU
		{2BAE1F2E-50E0-4BCA-A36C-F3817516B387}.Debug|Any CPU.Build.0 = Debug|Any CPU
		{2BAE1F2E-50E0-4BCA-A36C-F3817516B387}.Release|Any CPU.ActiveCfg = Release|Any CPU
		{2BAE1F2E-50E0-4BCA-A36C-F3817516B387}.Release|Any CPU.Build.0 = Release|Any CPU
		{BB1BB1A6-60BA-4855-9C3A-49E6FFC94686}.Debug|Any CPU.ActiveCfg = Debug|Any CPU
		{BB1BB1A6-60BA-4855-9C3A-49E6FFC94686}.Debug|Any CPU.Build.0 = Debug|Any CPU
		{BB1BB1A6-60BA-4855-9C3A-49E6FFC94686}.Release|Any CPU.ActiveCfg = Release|Any CPU
		{BB1BB1A6-60BA-4855-9C3A-49E6FFC94686}.Release|Any CPU.Build.0 = Release|Any CPU
		{667C8BEC-8A84-4433-9526-638972C187EE}.Debug|Any CPU.ActiveCfg = Debug|Any CPU
		{667C8BEC-8A84-4433-9526-638972C187EE}.Debug|Any CPU.Build.0 = Debug|Any CPU
		{667C8BEC-8A84-4433-9526-638972C187EE}.Release|Any CPU.ActiveCfg = Release|Any CPU
		{667C8BEC-8A84-4433-9526-638972C187EE}.Release|Any CPU.Build.0 = Release|Any CPU
		{479A7F62-9069-4F0B-B8FC-2836F8EFA12B}.Debug|Any CPU.ActiveCfg = Debug|Any CPU
		{479A7F62-9069-4F0B-B8FC-2836F8EFA12B}.Debug|Any CPU.Build.0 = Debug|Any CPU
		{479A7F62-9069-4F0B-B8FC-2836F8EFA12B}.Release|Any CPU.ActiveCfg = Release|Any CPU
		{479A7F62-9069-4F0B-B8FC-2836F8EFA12B}.Release|Any CPU.Build.0 = Release|Any CPU
		{395A277B-2D20-4146-B789-ACB29FF63F41}.Debug|Any CPU.ActiveCfg = Debug|Any CPU
		{395A277B-2D20-4146-B789-ACB29FF63F41}.Debug|Any CPU.Build.0 = Debug|Any CPU
		{395A277B-2D20-4146-B789-ACB29FF63F41}.Release|Any CPU.ActiveCfg = Release|Any CPU
		{395A277B-2D20-4146-B789-ACB29FF63F41}.Release|Any CPU.Build.0 = Release|Any CPU
		{71037030-EFCA-4005-BBF9-F27792414708}.Debug|Any CPU.ActiveCfg = Debug|Any CPU
		{71037030-EFCA-4005-BBF9-F27792414708}.Debug|Any CPU.Build.0 = Debug|Any CPU
		{71037030-EFCA-4005-BBF9-F27792414708}.Release|Any CPU.ActiveCfg = Release|Any CPU
		{71037030-EFCA-4005-BBF9-F27792414708}.Release|Any CPU.Build.0 = Release|Any CPU
		{5A529D5A-D5DA-46CC-B982-6E4F649C56B3}.Debug|Any CPU.ActiveCfg = Debug|Any CPU
		{5A529D5A-D5DA-46CC-B982-6E4F649C56B3}.Debug|Any CPU.Build.0 = Debug|Any CPU
		{5A529D5A-D5DA-46CC-B982-6E4F649C56B3}.Release|Any CPU.ActiveCfg = Release|Any CPU
		{5A529D5A-D5DA-46CC-B982-6E4F649C56B3}.Release|Any CPU.Build.0 = Release|Any CPU
		{E6E9F91E-7B21-49D8-A6DF-B9C71C020EA8}.Debug|Any CPU.ActiveCfg = Debug|Any CPU
		{E6E9F91E-7B21-49D8-A6DF-B9C71C020EA8}.Debug|Any CPU.Build.0 = Debug|Any CPU
		{E6E9F91E-7B21-49D8-A6DF-B9C71C020EA8}.Release|Any CPU.ActiveCfg = Release|Any CPU
		{E6E9F91E-7B21-49D8-A6DF-B9C71C020EA8}.Release|Any CPU.Build.0 = Release|Any CPU
		{B3E4AC93-39EC-4499-8865-646B8E9AFD43}.Debug|Any CPU.ActiveCfg = Debug|Any CPU
		{B3E4AC93-39EC-4499-8865-646B8E9AFD43}.Debug|Any CPU.Build.0 = Debug|Any CPU
		{B3E4AC93-39EC-4499-8865-646B8E9AFD43}.Release|Any CPU.ActiveCfg = Release|Any CPU
		{B3E4AC93-39EC-4499-8865-646B8E9AFD43}.Release|Any CPU.Build.0 = Release|Any CPU
		{6F9FB3EE-F828-4BB7-8F22-757A697CE51E}.Debug|Any CPU.ActiveCfg = Debug|Any CPU
		{6F9FB3EE-F828-4BB7-8F22-757A697CE51E}.Debug|Any CPU.Build.0 = Debug|Any CPU
		{6F9FB3EE-F828-4BB7-8F22-757A697CE51E}.Release|Any CPU.ActiveCfg = Release|Any CPU
		{6F9FB3EE-F828-4BB7-8F22-757A697CE51E}.Release|Any CPU.Build.0 = Release|Any CPU
	EndGlobalSection
	GlobalSection(SolutionProperties) = preSolution
		HideSolutionNode = FALSE
	EndGlobalSection
EndGlobal
